
Microsoft Visual Studio Solution File, Format Version 12.00
# Visual Studio Version 17
VisualStudioVersion = 17.5.33502.453
MinimumVisualStudioVersion = 10.0.40219.1
Project("{9A19103F-16F7-4668-BE54-9A1E7A4F7556}") = "PetShopApiServise", "PetShopApiServise\PetShopApiServise.csproj", "{354C62F6-77C0-40E7-9366-67E1E2D96FD6}"
EndProject
Project("{9A19103F-16F7-4668-BE54-9A1E7A4F7556}") = "PetShopProject", "..\PetShopProject\PetShopProject\PetShopProject.csproj", "{4E4F96DD-76C5-4736-8996-A184F10553A2}"
EndProject
Project("{9A19103F-16F7-4668-BE54-9A1E7A4F7556}") = "PetShopClientServise", "PetShopClientServise\PetShopClientServise.csproj", "{B6877B38-BF72-468E-B786-426F5526760F}"
EndProject
Project("{9A19103F-16F7-4668-BE54-9A1E7A4F7556}") = "PetShopClient", "PetShopClient\PetShopClient.csproj", "{FAA7E1B2-C0A4-4CD9-A4B9-97FFBE0EE973}"
EndProject
Project("{FAE04EC0-301F-11D3-BF4B-00C04F79EFBC}") = "PetShop.Test", "PetShop.Test\PetShop.Test.csproj", "{7F4144D3-D285-45D5-8D35-E9433B429ADD}"
EndProject
Global
	GlobalSection(SolutionConfigurationPlatforms) = preSolution
		Debug|Any CPU = Debug|Any CPU
		Release|Any CPU = Release|Any CPU
	EndGlobalSection
	GlobalSection(ProjectConfigurationPlatforms) = postSolution
		{354C62F6-77C0-40E7-9366-67E1E2D96FD6}.Debug|Any CPU.ActiveCfg = Debug|Any CPU
		{354C62F6-77C0-40E7-9366-67E1E2D96FD6}.Debug|Any CPU.Build.0 = Debug|Any CPU
		{354C62F6-77C0-40E7-9366-67E1E2D96FD6}.Release|Any CPU.ActiveCfg = Release|Any CPU
		{354C62F6-77C0-40E7-9366-67E1E2D96FD6}.Release|Any CPU.Build.0 = Release|Any CPU
		{4E4F96DD-76C5-4736-8996-A184F10553A2}.Debug|Any CPU.ActiveCfg = Debug|Any CPU
		{4E4F96DD-76C5-4736-8996-A184F10553A2}.Debug|Any CPU.Build.0 = Debug|Any CPU
		{4E4F96DD-76C5-4736-8996-A184F10553A2}.Release|Any CPU.ActiveCfg = Release|Any CPU
		{4E4F96DD-76C5-4736-8996-A184F10553A2}.Release|Any CPU.Build.0 = Release|Any CPU
		{B6877B38-BF72-468E-B786-426F5526760F}.Debug|Any CPU.ActiveCfg = Debug|Any CPU
		{B6877B38-BF72-468E-B786-426F5526760F}.Debug|Any CPU.Build.0 = Debug|Any CPU
		{B6877B38-BF72-468E-B786-426F5526760F}.Release|Any CPU.ActiveCfg = Release|Any CPU
		{B6877B38-BF72-468E-B786-426F5526760F}.Release|Any CPU.Build.0 = Release|Any CPU
		{FAA7E1B2-C0A4-4CD9-A4B9-97FFBE0EE973}.Debug|Any CPU.ActiveCfg = Debug|Any CPU
		{FAA7E1B2-C0A4-4CD9-A4B9-97FFBE0EE973}.Debug|Any CPU.Build.0 = Debug|Any CPU
		{FAA7E1B2-C0A4-4CD9-A4B9-97FFBE0EE973}.Release|Any CPU.ActiveCfg = Release|Any CPU
		{FAA7E1B2-C0A4-4CD9-A4B9-97FFBE0EE973}.Release|Any CPU.Build.0 = Release|Any CPU
		{7F4144D3-D285-45D5-8D35-E9433B429ADD}.Debug|Any CPU.ActiveCfg = Debug|Any CPU
		{7F4144D3-D285-45D5-8D35-E9433B429ADD}.Debug|Any CPU.Build.0 = Debug|Any CPU
		{7F4144D3-D285-45D5-8D35-E9433B429ADD}.Release|Any CPU.ActiveCfg = Release|Any CPU
		{7F4144D3-D285-45D5-8D35-E9433B429ADD}.Release|Any CPU.Build.0 = Release|Any CPU
	EndGlobalSection
	GlobalSection(SolutionProperties) = preSolution
		HideSolutionNode = FALSE
	EndGlobalSection
	GlobalSection(ExtensibilityGlobals) = postSolution
		SolutionGuid = {BBA9F411-38BC-4065-85E3-7B0AA41614B5}
	EndGlobalSection
EndGlobal
